
Microsoft Visual Studio Solution File, Format Version 12.00
# Visual Studio Version 17
VisualStudioVersion = 17.11.35431.28
MinimumVisualStudioVersion = 10.0.40219.1
Project("{FAE04EC0-301F-11D3-BF4B-00C04F79EFBC}") = "techathon", "techathon\techathon.csproj", "{0953503D-1F78-4706-834B-394E45A9322E}"
EndProject
Global
	GlobalSection(SolutionConfigurationPlatforms) = preSolution
		Debug|Any CPU = Debug|Any CPU
		Release|Any CPU = Release|Any CPU
	EndGlobalSection
	GlobalSection(ProjectConfigurationPlatforms) = postSolution
		{0953503D-1F78-4706-834B-394E45A9322E}.Debug|Any CPU.ActiveCfg = Debug|Any CPU
		{0953503D-1F78-4706-834B-394E45A9322E}.Debug|Any CPU.Build.0 = Debug|Any CPU
		{0953503D-1F78-4706-834B-394E45A9322E}.Release|Any CPU.ActiveCfg = Release|Any CPU
		{0953503D-1F78-4706-834B-394E45A9322E}.Release|Any CPU.Build.0 = Release|Any CPU
	EndGlobalSection
	GlobalSection(SolutionProperties) = preSolution
		HideSolutionNode = FALSE
	EndGlobalSection
	GlobalSection(ExtensibilityGlobals) = postSolution
		SolutionGuid = {A1D41B91-4740-4B2F-BF9B-642009D45D92}
	EndGlobalSection
EndGlobal
